
Microsoft Visual Studio Solution File, Format Version 12.00
# Visual Studio Version 16
VisualStudioVersion = 16.0.31515.178
MinimumVisualStudioVersion = 10.0.40219.1
Project("{FAE04EC0-301F-11D3-BF4B-00C04F79EFBC}") = "FIT5042-MyCSS", "FIT5042-MyCSS\FIT5042-MyCSS.csproj", "{3001C7F9-2ADA-4AAC-B2B8-21414743FA21}"
EndProject
Global
	GlobalSection(SolutionConfigurationPlatforms) = preSolution
		Debug|Any CPU = Debug|Any CPU
		Release|Any CPU = Release|Any CPU
	EndGlobalSection
	GlobalSection(ProjectConfigurationPlatforms) = postSolution
		{3001C7F9-2ADA-4AAC-B2B8-21414743FA21}.Debug|Any CPU.ActiveCfg = Debug|Any CPU
		{3001C7F9-2ADA-4AAC-B2B8-21414743FA21}.Debug|Any CPU.Build.0 = Debug|Any CPU
		{3001C7F9-2ADA-4AAC-B2B8-21414743FA21}.Release|Any CPU.ActiveCfg = Release|Any CPU
		{3001C7F9-2ADA-4AAC-B2B8-21414743FA21}.Release|Any CPU.Build.0 = Release|Any CPU
	EndGlobalSection
	GlobalSection(SolutionProperties) = preSolution
		HideSolutionNode = FALSE
	EndGlobalSection
	GlobalSection(ExtensibilityGlobals) = postSolution
		SolutionGuid = {05C8D65A-45F4-4F60-BEE5-E2AD8F2FDDF7}
	EndGlobalSection
EndGlobal
